
Microsoft Visual Studio Solution File, Format Version 12.00
# Visual Studio Version 17
VisualStudioVersion = 17.10.34928.147
MinimumVisualStudioVersion = 10.0.40219.1
Project("{FAE04EC0-301F-11D3-BF4B-00C04F79EFBC}") = "QLKHOXD", "QLKHOXD\QLKHOXD.csproj", "{94889A5D-4C06-466A-8C83-DDB1005BCD4D}"
EndProject
Global
	GlobalSection(SolutionConfigurationPlatforms) = preSolution
		Debug|Any CPU = Debug|Any CPU
		Release|Any CPU = Release|Any CPU
	EndGlobalSection
	GlobalSection(ProjectConfigurationPlatforms) = postSolution
		{94889A5D-4C06-466A-8C83-DDB1005BCD4D}.Debug|Any CPU.ActiveCfg = Debug|Any CPU
		{94889A5D-4C06-466A-8C83-DDB1005BCD4D}.Debug|Any CPU.Build.0 = Debug|Any CPU
		{94889A5D-4C06-466A-8C83-DDB1005BCD4D}.Release|Any CPU.ActiveCfg = Release|Any CPU
		{94889A5D-4C06-466A-8C83-DDB1005BCD4D}.Release|Any CPU.Build.0 = Release|Any CPU
	EndGlobalSection
	GlobalSection(SolutionProperties) = preSolution
		HideSolutionNode = FALSE
	EndGlobalSection
	GlobalSection(ExtensibilityGlobals) = postSolution
		SolutionGuid = {2D5EED59-B47A-4CC0-84CA-20D3484D37AD}
	EndGlobalSection
EndGlobal
